# THIS IS AN AUTOGENERATED FILE. DO NOT EDIT THIS FILE DIRECTLY.
# yarn lockfile v1


js-base64@^3.6.0:
  version "3.6.0"
  resolved "https://registry.npm.taobao.org/js-base64/download/js-base64-3.6.0.tgz?cache=0&sync_timestamp=1604450326544&other_urls=https%3A%2F%2Fregistry.npm.taobao.org%2Fjs-base64%2Fdownload%2Fjs-base64-3.6.0.tgz#773e1de628f4f298d65a7e9842c50244751f5756"
  integrity sha1-dz4d5ij08pjWWn6YQsUCRHUfV1Y=
