# THIS IS AN AUTOGENERATED FILE. DO NOT EDIT THIS FILE DIRECTLY.
# yarn lockfile v1


ast-types@0.14.2:
  version "0.14.2"
  resolved "https://registry.npm.taobao.org/ast-types/download/ast-types-0.14.2.tgz?cache=0&sync_timestamp=1599935985242&other_urls=https%3A%2F%2Fregistry.npm.taobao.org%2Fast-types%2Fdownload%2Fast-types-0.14.2.tgz#600b882df8583e3cd4f2df5fa20fa83759d4bdfd"
  integrity sha1-YAuILfhYPjzU8t9fog+oN1nUvf0=
  dependencies:
    tslib "^2.0.1"

esprima@~4.0.0:
  version "4.0.1"
  resolved "https://registry.npm.taobao.org/esprima/download/esprima-4.0.1.tgz#13b04cdb3e6c5d19df91ab6987a8695619b0aa71"
  integrity sha1-E7BM2z5sXRnfkatph6hpVhmwqnE=

recast@^0.20.4:
  version "0.20.4"
  resolved "https://registry.npm.taobao.org/recast/download/recast-0.20.4.tgz#db55983eac70c46b3fff96c8e467d65ffb4a7abc"
  integrity sha1-21WYPqxwxGs//5bI5GfWX/tKerw=
  dependencies:
    ast-types "0.14.2"
    esprima "~4.0.0"
    source-map "~0.6.1"
    tslib "^2.0.1"

source-map@~0.6.1:
  version "0.6.1"
  resolved "https://registry.npm.taobao.org/source-map/download/source-map-0.6.1.tgz#74722af32e9614e9c287a8d0bbde48b5e2f1a263"
  integrity sha1-dHIq8y6WFOnCh6jQu95IteLxomM=

tslib@^2.0.1:
  version "2.1.0"
  resolved "https://registry.npm.taobao.org/tslib/download/tslib-2.1.0.tgz?cache=0&sync_timestamp=1609887539329&other_urls=https%3A%2F%2Fregistry.npm.taobao.org%2Ftslib%2Fdownload%2Ftslib-2.1.0.tgz#da60860f1c2ecaa5703ab7d39bc05b6bf988b97a"
  integrity sha1-2mCGDxwuyqVwOrfTm8Bba/mIuXo=
